# This file is autogenerated, do not edit; changes may be undone by the next 'dep ensure'.


[[projects]]
  digest = "1:b45e12632f47f8d2f52472bbef15066644ad9d4a2a75121a603b35f113bf89ef"
  name = "github.com/line/line-bot-sdk-go"
  packages = [
    "linebot",
    "linebot/httphandler",
  ]
  pruneopts = "UT"
  revision = "ddcf604d127703283233c93d68c07d2bcd7daa7d"
  version = "v7.3.0"

[solve-meta]
  analyzer-name = "dep"
  analyzer-version = 1
  input-imports = [
    "github.com/line/line-bot-sdk-go/linebot",
    "github.com/line/line-bot-sdk-go/linebot/httphandler",
  ]
  solver-name = "gps-cdcl"
  solver-version = 1
